
Microsoft Visual Studio Solution File, Format Version 12.00
# Visual Studio Version 16
VisualStudioVersion = 16.0.28922.388
MinimumVisualStudioVersion = 10.0.40219.1
Project("{2150E333-8FDC-42A3-9474-1A3956D46DE8}") = "1.webview", "1.webview", "{C8633242-B6B0-441A-94AF-6DE18B35DA7F}"
EndProject
Project("{2150E333-8FDC-42A3-9474-1A3956D46DE8}") = "2.src", "2.src", "{FDF46CB0-795A-459D-BE03-3FE087F76ED4}"
EndProject
Project("{2150E333-8FDC-42A3-9474-1A3956D46DE8}") = "3.other", "3.other", "{CD4443AC-1B5C-4E3C-A4A7-7299595593AD}"
EndProject
Project("{2150E333-8FDC-42A3-9474-1A3956D46DE8}") = "4.test", "4.test", "{ABAD2E78-7B52-4C6E-9370-8A919A2C1940}"
EndProject
Project("{9A19103F-16F7-4668-BE54-9A1E7A4F7556}") = "IPipe.Web", "1.webview\Ipipe.Web\IPipe.Web.csproj", "{1182B14F-1610-4EC8-B5AC-6F0852A6A955}"
EndProject
Project("{9A19103F-16F7-4668-BE54-9A1E7A4F7556}") = "IPipe.Tasks", "3.other\IPipe.Tasks\IPipe.Tasks.csproj", "{291A40B9-0F01-4616-A0F4-A27C3EEC216C}"
EndProject
Project("{9A19103F-16F7-4668-BE54-9A1E7A4F7556}") = "IPipe.Tests", "4.test\IPipe.Tests\IPipe.Tests.csproj", "{80E1C05C-83DF-4C11-BA0B-660669465E56}"
EndProject
Project("{9A19103F-16F7-4668-BE54-9A1E7A4F7556}") = "IPipe.IRepository", "2.src\IPipe.IRepository\IPipe.IRepository.csproj", "{E2C2FCAF-3F01-457E-BC7B-4EC5FC6EAAFB}"
EndProject
Project("{9A19103F-16F7-4668-BE54-9A1E7A4F7556}") = "IPipe.IServices", "2.src\IPipe.IServices\IPipe.IServices.csproj", "{AA79F50E-5BB1-467A-9B85-801267FBC36C}"
EndProject
Project("{9A19103F-16F7-4668-BE54-9A1E7A4F7556}") = "IPipe.Model", "2.src\IPipe.Model\IPipe.Model.csproj", "{94460428-DD5E-4552-8697-43EE7F5A5D4E}"
EndProject
Project("{9A19103F-16F7-4668-BE54-9A1E7A4F7556}") = "IPipe.Repository", "2.src\IPipe.Repository\IPipe.Repository.csproj", "{2FA38136-5758-4D9C-833D-675151B4E19A}"
EndProject
Project("{9A19103F-16F7-4668-BE54-9A1E7A4F7556}") = "IPipe.Services", "2.src\IPipe.Services\IPipe.Services.csproj", "{E5C8E77C-25A2-421C-9EF4-05FD70609F9D}"
EndProject
Project("{9A19103F-16F7-4668-BE54-9A1E7A4F7556}") = "IPipe.Common", "3.other\IPipe.Common\IPipe.Common.csproj", "{3DA6F488-7AFF-4DD2-B124-31A3DAE4750A}"
EndProject
Project("{9A19103F-16F7-4668-BE54-9A1E7A4F7556}") = "IPipe.Generate", "2.src\IPipe.Generate\IPipe.Generate.csproj", "{9992F651-4377-442C-92B9-34F5C7BD34F2}"
EndProject
Global
	GlobalSection(SolutionConfigurationPlatforms) = preSolution
		Debug|Any CPU = Debug|Any CPU
		Release|Any CPU = Release|Any CPU
	EndGlobalSection
	GlobalSection(ProjectConfigurationPlatforms) = postSolution
		{1182B14F-1610-4EC8-B5AC-6F0852A6A955}.Debug|Any CPU.ActiveCfg = Debug|Any CPU
		{1182B14F-1610-4EC8-B5AC-6F0852A6A955}.Debug|Any CPU.Build.0 = Debug|Any CPU
		{1182B14F-1610-4EC8-B5AC-6F0852A6A955}.Release|Any CPU.ActiveCfg = Release|Any CPU
		{1182B14F-1610-4EC8-B5AC-6F0852A6A955}.Release|Any CPU.Build.0 = Release|Any CPU
		{291A40B9-0F01-4616-A0F4-A27C3EEC216C}.Debug|Any CPU.ActiveCfg = Debug|Any CPU
		{291A40B9-0F01-4616-A0F4-A27C3EEC216C}.Debug|Any CPU.Build.0 = Debug|Any CPU
		{291A40B9-0F01-4616-A0F4-A27C3EEC216C}.Release|Any CPU.ActiveCfg = Release|Any CPU
		{291A40B9-0F01-4616-A0F4-A27C3EEC216C}.Release|Any CPU.Build.0 = Release|Any CPU
		{80E1C05C-83DF-4C11-BA0B-660669465E56}.Debug|Any CPU.ActiveCfg = Debug|Any CPU
		{80E1C05C-83DF-4C11-BA0B-660669465E56}.Debug|Any CPU.Build.0 = Debug|Any CPU
		{80E1C05C-83DF-4C11-BA0B-660669465E56}.Release|Any CPU.ActiveCfg = Release|Any CPU
		{80E1C05C-83DF-4C11-BA0B-660669465E56}.Release|Any CPU.Build.0 = Release|Any CPU
		{E2C2FCAF-3F01-457E-BC7B-4EC5FC6EAAFB}.Debug|Any CPU.ActiveCfg = Debug|Any CPU
		{E2C2FCAF-3F01-457E-BC7B-4EC5FC6EAAFB}.Debug|Any CPU.Build.0 = Debug|Any CPU
		{E2C2FCAF-3F01-457E-BC7B-4EC5FC6EAAFB}.Release|Any CPU.ActiveCfg = Release|Any CPU
		{E2C2FCAF-3F01-457E-BC7B-4EC5FC6EAAFB}.Release|Any CPU.Build.0 = Release|Any CPU
		{AA79F50E-5BB1-467A-9B85-801267FBC36C}.Debug|Any CPU.ActiveCfg = Debug|Any CPU
		{AA79F50E-5BB1-467A-9B85-801267FBC36C}.Debug|Any CPU.Build.0 = Debug|Any CPU
		{AA79F50E-5BB1-467A-9B85-801267FBC36C}.Release|Any CPU.ActiveCfg = Release|Any CPU
		{AA79F50E-5BB1-467A-9B85-801267FBC36C}.Release|Any CPU.Build.0 = Release|Any CPU
		{94460428-DD5E-4552-8697-43EE7F5A5D4E}.Debug|Any CPU.ActiveCfg = Debug|Any CPU
		{94460428-DD5E-4552-8697-43EE7F5A5D4E}.Debug|Any CPU.Build.0 = Debug|Any CPU
		{94460428-DD5E-4552-8697-43EE7F5A5D4E}.Release|Any CPU.ActiveCfg = Release|Any CPU
		{94460428-DD5E-4552-8697-43EE7F5A5D4E}.Release|Any CPU.Build.0 = Release|Any CPU
		{2FA38136-5758-4D9C-833D-675151B4E19A}.Debug|Any CPU.ActiveCfg = Debug|Any CPU
		{2FA38136-5758-4D9C-833D-675151B4E19A}.Debug|Any CPU.Build.0 = Debug|Any CPU
		{2FA38136-5758-4D9C-833D-675151B4E19A}.Release|Any CPU.ActiveCfg = Release|Any CPU
		{2FA38136-5758-4D9C-833D-675151B4E19A}.Release|Any CPU.Build.0 = Release|Any CPU
		{E5C8E77C-25A2-421C-9EF4-05FD70609F9D}.Debug|Any CPU.ActiveCfg = Debug|Any CPU
		{E5C8E77C-25A2-421C-9EF4-05FD70609F9D}.Debug|Any CPU.Build.0 = Debug|Any CPU
		{E5C8E77C-25A2-421C-9EF4-05FD70609F9D}.Release|Any CPU.ActiveCfg = Release|Any CPU
		{E5C8E77C-25A2-421C-9EF4-05FD70609F9D}.Release|Any CPU.Build.0 = Release|Any CPU
		{3DA6F488-7AFF-4DD2-B124-31A3DAE4750A}.Debug|Any CPU.ActiveCfg = Debug|Any CPU
		{3DA6F488-7AFF-4DD2-B124-31A3DAE4750A}.Debug|Any CPU.Build.0 = Debug|Any CPU
		{3DA6F488-7AFF-4DD2-B124-31A3DAE4750A}.Release|Any CPU.ActiveCfg = Release|Any CPU
		{3DA6F488-7AFF-4DD2-B124-31A3DAE4750A}.Release|Any CPU.Build.0 = Release|Any CPU
		{9992F651-4377-442C-92B9-34F5C7BD34F2}.Debug|Any CPU.ActiveCfg = Debug|Any CPU
		{9992F651-4377-442C-92B9-34F5C7BD34F2}.Debug|Any CPU.Build.0 = Debug|Any CPU
		{9992F651-4377-442C-92B9-34F5C7BD34F2}.Release|Any CPU.ActiveCfg = Release|Any CPU
		{9992F651-4377-442C-92B9-34F5C7BD34F2}.Release|Any CPU.Build.0 = Release|Any CPU
	EndGlobalSection
	GlobalSection(SolutionProperties) = preSolution
		HideSolutionNode = FALSE
	EndGlobalSection
	GlobalSection(NestedProjects) = preSolution
		{1182B14F-1610-4EC8-B5AC-6F0852A6A955} = {C8633242-B6B0-441A-94AF-6DE18B35DA7F}
		{291A40B9-0F01-4616-A0F4-A27C3EEC216C} = {CD4443AC-1B5C-4E3C-A4A7-7299595593AD}
		{80E1C05C-83DF-4C11-BA0B-660669465E56} = {ABAD2E78-7B52-4C6E-9370-8A919A2C1940}
		{E2C2FCAF-3F01-457E-BC7B-4EC5FC6EAAFB} = {FDF46CB0-795A-459D-BE03-3FE087F76ED4}
		{AA79F50E-5BB1-467A-9B85-801267FBC36C} = {FDF46CB0-795A-459D-BE03-3FE087F76ED4}
		{94460428-DD5E-4552-8697-43EE7F5A5D4E} = {FDF46CB0-795A-459D-BE03-3FE087F76ED4}
		{2FA38136-5758-4D9C-833D-675151B4E19A} = {FDF46CB0-795A-459D-BE03-3FE087F76ED4}
		{E5C8E77C-25A2-421C-9EF4-05FD70609F9D} = {FDF46CB0-795A-459D-BE03-3FE087F76ED4}
		{3DA6F488-7AFF-4DD2-B124-31A3DAE4750A} = {CD4443AC-1B5C-4E3C-A4A7-7299595593AD}
		{9992F651-4377-442C-92B9-34F5C7BD34F2} = {FDF46CB0-795A-459D-BE03-3FE087F76ED4}
	EndGlobalSection
	GlobalSection(ExtensibilityGlobals) = postSolution
		SolutionGuid = {5F8EB091-1D08-4A24-BF6E-5291286523EC}
	EndGlobalSection
EndGlobal
